
Microsoft Visual Studio Solution File, Format Version 12.00
# Visual Studio Version 17
VisualStudioVersion = 17.7.34031.279
MinimumVisualStudioVersion = 10.0.40219.1
Project("{888888A0-9F3D-457C-B088-3A5042F75D52}") = "FlaskWebProject1", "FlaskWebProject1\FlaskWebProject1.pyproj", "{5D3F7B00-45AE-40E6-B352-6031D4CFFC8E}"
EndProject
Global
	GlobalSection(SolutionConfigurationPlatforms) = preSolution
		Debug|Any CPU = Debug|Any CPU
		Release|Any CPU = Release|Any CPU
	EndGlobalSection
	GlobalSection(ProjectConfigurationPlatforms) = postSolution
		{5D3F7B00-45AE-40E6-B352-6031D4CFFC8E}.Debug|Any CPU.ActiveCfg = Debug|Any CPU
		{5D3F7B00-45AE-40E6-B352-6031D4CFFC8E}.Debug|Any CPU.Build.0 = Debug|Any CPU
		{5D3F7B00-45AE-40E6-B352-6031D4CFFC8E}.Release|Any CPU.ActiveCfg = Release|Any CPU
		{5D3F7B00-45AE-40E6-B352-6031D4CFFC8E}.Release|Any CPU.Build.0 = Release|Any CPU
	EndGlobalSection
	GlobalSection(SolutionProperties) = preSolution
		HideSolutionNode = FALSE
	EndGlobalSection
	GlobalSection(ExtensibilityGlobals) = postSolution
		SolutionGuid = {97EBFE3E-1B2C-4ECE-B146-1007ABA76C09}
	EndGlobalSection
EndGlobal
